
Microsoft Visual Studio Solution File, Format Version 12.00
# Visual Studio Version 16
VisualStudioVersion = 16.0.31624.102
MinimumVisualStudioVersion = 10.0.40219.1
Project("{FAE04EC0-301F-11D3-BF4B-00C04F79EFBC}") = "mono_newton_directx", "mono_newton_directx.csproj", "{B1CBFDF1-56D4-4FFD-BCE6-6CDE2CB1A536}"
EndProject
Global
	GlobalSection(SolutionConfigurationPlatforms) = preSolution
		Debug|Any CPU = Debug|Any CPU
		Release|Any CPU = Release|Any CPU
	EndGlobalSection
	GlobalSection(ProjectConfigurationPlatforms) = postSolution
		{B1CBFDF1-56D4-4FFD-BCE6-6CDE2CB1A536}.Debug|Any CPU.ActiveCfg = Debug|Any CPU
		{B1CBFDF1-56D4-4FFD-BCE6-6CDE2CB1A536}.Debug|Any CPU.Build.0 = Debug|Any CPU
		{B1CBFDF1-56D4-4FFD-BCE6-6CDE2CB1A536}.Release|Any CPU.ActiveCfg = Release|Any CPU
		{B1CBFDF1-56D4-4FFD-BCE6-6CDE2CB1A536}.Release|Any CPU.Build.0 = Release|Any CPU
	EndGlobalSection
	GlobalSection(SolutionProperties) = preSolution
		HideSolutionNode = FALSE
	EndGlobalSection
	GlobalSection(ExtensibilityGlobals) = postSolution
		SolutionGuid = {8F0B01CB-1684-44BD-804A-2D9D3F63D0BD}
	EndGlobalSection
EndGlobal
